
Microsoft Visual Studio Solution File, Format Version 12.00
# Visual Studio Version 16
VisualStudioVersion = 16.0.29215.179
MinimumVisualStudioVersion = 10.0.40219.1
Project("{FAE04EC0-301F-11D3-BF4B-00C04F79EFBC}") = "FileAnalysis", "FileAnalysis\FileAnalysis.csproj", "{9101D3A4-8EFC-454B-95FC-40AE31C91298}"
EndProject
Global
	GlobalSection(SolutionConfigurationPlatforms) = preSolution
		Debug|Any CPU = Debug|Any CPU
		Debug|x64 = Debug|x64
		Release|Any CPU = Release|Any CPU
		Release|x64 = Release|x64
	EndGlobalSection
	GlobalSection(ProjectConfigurationPlatforms) = postSolution
		{9101D3A4-8EFC-454B-95FC-40AE31C91298}.Debug|Any CPU.ActiveCfg = Debug|Any CPU
		{9101D3A4-8EFC-454B-95FC-40AE31C91298}.Debug|Any CPU.Build.0 = Debug|Any CPU
		{9101D3A4-8EFC-454B-95FC-40AE31C91298}.Debug|x64.ActiveCfg = Debug|x64
		{9101D3A4-8EFC-454B-95FC-40AE31C91298}.Debug|x64.Build.0 = Debug|x64
		{9101D3A4-8EFC-454B-95FC-40AE31C91298}.Release|Any CPU.ActiveCfg = Release|Any CPU
		{9101D3A4-8EFC-454B-95FC-40AE31C91298}.Release|Any CPU.Build.0 = Release|Any CPU
		{9101D3A4-8EFC-454B-95FC-40AE31C91298}.Release|x64.ActiveCfg = Release|x64
		{9101D3A4-8EFC-454B-95FC-40AE31C91298}.Release|x64.Build.0 = Release|x64
	EndGlobalSection
	GlobalSection(SolutionProperties) = preSolution
		HideSolutionNode = FALSE
	EndGlobalSection
	GlobalSection(ExtensibilityGlobals) = postSolution
		SolutionGuid = {82F98920-1AB6-4208-BD1C-89039E85ACBD}
	EndGlobalSection
EndGlobal
